
Microsoft Visual Studio Solution File, Format Version 12.00
# Visual Studio 2013
VisualStudioVersion = 12.0.21005.1
MinimumVisualStudioVersion = 10.0.40219.1
Project("{FAE04EC0-301F-11D3-BF4B-00C04F79EFBC}") = "eManager.Domain", "ClassLibrary1\eManager.Domain.csproj", "{3978BAE4-C777-495F-94E7-1DFF0D994668}"
EndProject
Project("{FAE04EC0-301F-11D3-BF4B-00C04F79EFBC}") = "eManager.Web", "eManager.Web\eManager.Web.csproj", "{A24A31D3-200F-4419-9FED-B29E38961FD5}"
EndProject
Global
	GlobalSection(SolutionConfigurationPlatforms) = preSolution
		Debug|Any CPU = Debug|Any CPU
		Release|Any CPU = Release|Any CPU
	EndGlobalSection
	GlobalSection(ProjectConfigurationPlatforms) = postSolution
		{3978BAE4-C777-495F-94E7-1DFF0D994668}.Debug|Any CPU.ActiveCfg = Debug|Any CPU
		{3978BAE4-C777-495F-94E7-1DFF0D994668}.Debug|Any CPU.Build.0 = Debug|Any CPU
		{3978BAE4-C777-495F-94E7-1DFF0D994668}.Release|Any CPU.ActiveCfg = Release|Any CPU
		{3978BAE4-C777-495F-94E7-1DFF0D994668}.Release|Any CPU.Build.0 = Release|Any CPU
		{A24A31D3-200F-4419-9FED-B29E38961FD5}.Debug|Any CPU.ActiveCfg = Debug|Any CPU
		{A24A31D3-200F-4419-9FED-B29E38961FD5}.Debug|Any CPU.Build.0 = Debug|Any CPU
		{A24A31D3-200F-4419-9FED-B29E38961FD5}.Release|Any CPU.ActiveCfg = Release|Any CPU
		{A24A31D3-200F-4419-9FED-B29E38961FD5}.Release|Any CPU.Build.0 = Release|Any CPU
	EndGlobalSection
	GlobalSection(SolutionProperties) = preSolution
		HideSolutionNode = FALSE
	EndGlobalSection
EndGlobal
